
Microsoft Visual Studio Solution File, Format Version 12.00
# Visual Studio 14
VisualStudioVersion = 14.0.25420.1
MinimumVisualStudioVersion = 10.0.40219.1
Project("{FAE04EC0-301F-11D3-BF4B-00C04F79EFBC}") = "MediaLiveApi", "MediaLiveDemo\MediaLiveApi.csproj", "{BA53C11C-FCD1-47D2-8A19-7277F078C292}"
EndProject
Project("{FAE04EC0-301F-11D3-BF4B-00C04F79EFBC}") = "WebApp", "WebApp\WebApp.csproj", "{D71806D6-665C-4F67-80AF-24974A37E1F7}"
EndProject
Project("{FAE04EC0-301F-11D3-BF4B-00C04F79EFBC}") = "Media.Model", "Media.Model\Media.Model.csproj", "{A93195D7-8476-4274-8D84-DC834CDA3884}"
EndProject
Project("{FAE04EC0-301F-11D3-BF4B-00C04F79EFBC}") = "Media.DAL", "Media.DAL\Media.DAL.csproj", "{C17A7D82-1837-4879-AAB8-749E4CDEA90F}"
EndProject
Project("{FAE04EC0-301F-11D3-BF4B-00C04F79EFBC}") = "Media.IDAL", "Media.IDAL\Media.IDAL.csproj", "{F6BC8FA2-2A42-48BB-BB36-1CD97886066F}"
EndProject
Project("{FAE04EC0-301F-11D3-BF4B-00C04F79EFBC}") = "Media.IBLL", "Media.IBLL\Media.IBLL.csproj", "{DB238B53-E275-4395-A1B5-5827325D3E4F}"
EndProject
Project("{FAE04EC0-301F-11D3-BF4B-00C04F79EFBC}") = "Media.BLL", "Media.BLL\Media.BLL.csproj", "{29C74CE7-BA06-480D-A023-095FE6FCDA85}"
EndProject
Project("{FAE04EC0-301F-11D3-BF4B-00C04F79EFBC}") = "Media.Infrastructure", "Media.Infrastructure\Media.Infrastructure.csproj", "{B0908BE2-25AB-4CDF-84B1-1B34EB12E6E6}"
EndProject
Global
	GlobalSection(SolutionConfigurationPlatforms) = preSolution
		Debug|Any CPU = Debug|Any CPU
		Debug|x86 = Debug|x86
		Release|Any CPU = Release|Any CPU
		Release|x86 = Release|x86
	EndGlobalSection
	GlobalSection(ProjectConfigurationPlatforms) = postSolution
		{BA53C11C-FCD1-47D2-8A19-7277F078C292}.Debug|Any CPU.ActiveCfg = Debug|Any CPU
		{BA53C11C-FCD1-47D2-8A19-7277F078C292}.Debug|Any CPU.Build.0 = Debug|Any CPU
		{BA53C11C-FCD1-47D2-8A19-7277F078C292}.Debug|x86.ActiveCfg = Debug|x86
		{BA53C11C-FCD1-47D2-8A19-7277F078C292}.Debug|x86.Build.0 = Debug|x86
		{BA53C11C-FCD1-47D2-8A19-7277F078C292}.Release|Any CPU.ActiveCfg = Release|Any CPU
		{BA53C11C-FCD1-47D2-8A19-7277F078C292}.Release|Any CPU.Build.0 = Release|Any CPU
		{BA53C11C-FCD1-47D2-8A19-7277F078C292}.Release|x86.ActiveCfg = Release|x86
		{BA53C11C-FCD1-47D2-8A19-7277F078C292}.Release|x86.Build.0 = Release|x86
		{D71806D6-665C-4F67-80AF-24974A37E1F7}.Debug|Any CPU.ActiveCfg = Debug|Any CPU
		{D71806D6-665C-4F67-80AF-24974A37E1F7}.Debug|Any CPU.Build.0 = Debug|Any CPU
		{D71806D6-665C-4F67-80AF-24974A37E1F7}.Debug|x86.ActiveCfg = Debug|x86
		{D71806D6-665C-4F67-80AF-24974A37E1F7}.Debug|x86.Build.0 = Debug|x86
		{D71806D6-665C-4F67-80AF-24974A37E1F7}.Release|Any CPU.ActiveCfg = Release|Any CPU
		{D71806D6-665C-4F67-80AF-24974A37E1F7}.Release|Any CPU.Build.0 = Release|Any CPU
		{D71806D6-665C-4F67-80AF-24974A37E1F7}.Release|x86.ActiveCfg = Release|x86
		{D71806D6-665C-4F67-80AF-24974A37E1F7}.Release|x86.Build.0 = Release|x86
		{A93195D7-8476-4274-8D84-DC834CDA3884}.Debug|Any CPU.ActiveCfg = Debug|Any CPU
		{A93195D7-8476-4274-8D84-DC834CDA3884}.Debug|Any CPU.Build.0 = Debug|Any CPU
		{A93195D7-8476-4274-8D84-DC834CDA3884}.Debug|x86.ActiveCfg = Debug|Any CPU
		{A93195D7-8476-4274-8D84-DC834CDA3884}.Debug|x86.Build.0 = Debug|Any CPU
		{A93195D7-8476-4274-8D84-DC834CDA3884}.Release|Any CPU.ActiveCfg = Release|Any CPU
		{A93195D7-8476-4274-8D84-DC834CDA3884}.Release|Any CPU.Build.0 = Release|Any CPU
		{A93195D7-8476-4274-8D84-DC834CDA3884}.Release|x86.ActiveCfg = Release|Any CPU
		{A93195D7-8476-4274-8D84-DC834CDA3884}.Release|x86.Build.0 = Release|Any CPU
		{C17A7D82-1837-4879-AAB8-749E4CDEA90F}.Debug|Any CPU.ActiveCfg = Debug|Any CPU
		{C17A7D82-1837-4879-AAB8-749E4CDEA90F}.Debug|Any CPU.Build.0 = Debug|Any CPU
		{C17A7D82-1837-4879-AAB8-749E4CDEA90F}.Debug|x86.ActiveCfg = Debug|Any CPU
		{C17A7D82-1837-4879-AAB8-749E4CDEA90F}.Debug|x86.Build.0 = Debug|Any CPU
		{C17A7D82-1837-4879-AAB8-749E4CDEA90F}.Release|Any CPU.ActiveCfg = Release|Any CPU
		{C17A7D82-1837-4879-AAB8-749E4CDEA90F}.Release|Any CPU.Build.0 = Release|Any CPU
		{C17A7D82-1837-4879-AAB8-749E4CDEA90F}.Release|x86.ActiveCfg = Release|Any CPU
		{C17A7D82-1837-4879-AAB8-749E4CDEA90F}.Release|x86.Build.0 = Release|Any CPU
		{F6BC8FA2-2A42-48BB-BB36-1CD97886066F}.Debug|Any CPU.ActiveCfg = Debug|Any CPU
		{F6BC8FA2-2A42-48BB-BB36-1CD97886066F}.Debug|Any CPU.Build.0 = Debug|Any CPU
		{F6BC8FA2-2A42-48BB-BB36-1CD97886066F}.Debug|x86.ActiveCfg = Debug|Any CPU
		{F6BC8FA2-2A42-48BB-BB36-1CD97886066F}.Debug|x86.Build.0 = Debug|Any CPU
		{F6BC8FA2-2A42-48BB-BB36-1CD97886066F}.Release|Any CPU.ActiveCfg = Release|Any CPU
		{F6BC8FA2-2A42-48BB-BB36-1CD97886066F}.Release|Any CPU.Build.0 = Release|Any CPU
		{F6BC8FA2-2A42-48BB-BB36-1CD97886066F}.Release|x86.ActiveCfg = Release|Any CPU
		{F6BC8FA2-2A42-48BB-BB36-1CD97886066F}.Release|x86.Build.0 = Release|Any CPU
		{DB238B53-E275-4395-A1B5-5827325D3E4F}.Debug|Any CPU.ActiveCfg = Debug|Any CPU
		{DB238B53-E275-4395-A1B5-5827325D3E4F}.Debug|Any CPU.Build.0 = Debug|Any CPU
		{DB238B53-E275-4395-A1B5-5827325D3E4F}.Debug|x86.ActiveCfg = Debug|Any CPU
		{DB238B53-E275-4395-A1B5-5827325D3E4F}.Debug|x86.Build.0 = Debug|Any CPU
		{DB238B53-E275-4395-A1B5-5827325D3E4F}.Release|Any CPU.ActiveCfg = Release|Any CPU
		{DB238B53-E275-4395-A1B5-5827325D3E4F}.Release|Any CPU.Build.0 = Release|Any CPU
		{DB238B53-E275-4395-A1B5-5827325D3E4F}.Release|x86.ActiveCfg = Release|Any CPU
		{DB238B53-E275-4395-A1B5-5827325D3E4F}.Release|x86.Build.0 = Release|Any CPU
		{29C74CE7-BA06-480D-A023-095FE6FCDA85}.Debug|Any CPU.ActiveCfg = Debug|Any CPU
		{29C74CE7-BA06-480D-A023-095FE6FCDA85}.Debug|Any CPU.Build.0 = Debug|Any CPU
		{29C74CE7-BA06-480D-A023-095FE6FCDA85}.Debug|x86.ActiveCfg = Debug|Any CPU
		{29C74CE7-BA06-480D-A023-095FE6FCDA85}.Debug|x86.Build.0 = Debug|Any CPU
		{29C74CE7-BA06-480D-A023-095FE6FCDA85}.Release|Any CPU.ActiveCfg = Release|Any CPU
		{29C74CE7-BA06-480D-A023-095FE6FCDA85}.Release|Any CPU.Build.0 = Release|Any CPU
		{29C74CE7-BA06-480D-A023-095FE6FCDA85}.Release|x86.ActiveCfg = Release|Any CPU
		{29C74CE7-BA06-480D-A023-095FE6FCDA85}.Release|x86.Build.0 = Release|Any CPU
		{B0908BE2-25AB-4CDF-84B1-1B34EB12E6E6}.Debug|Any CPU.ActiveCfg = Debug|Any CPU
		{B0908BE2-25AB-4CDF-84B1-1B34EB12E6E6}.Debug|Any CPU.Build.0 = Debug|Any CPU
		{B0908BE2-25AB-4CDF-84B1-1B34EB12E6E6}.Debug|x86.ActiveCfg = Debug|Any CPU
		{B0908BE2-25AB-4CDF-84B1-1B34EB12E6E6}.Debug|x86.Build.0 = Debug|Any CPU
		{B0908BE2-25AB-4CDF-84B1-1B34EB12E6E6}.Release|Any CPU.ActiveCfg = Release|Any CPU
		{B0908BE2-25AB-4CDF-84B1-1B34EB12E6E6}.Release|Any CPU.Build.0 = Release|Any CPU
		{B0908BE2-25AB-4CDF-84B1-1B34EB12E6E6}.Release|x86.ActiveCfg = Release|Any CPU
		{B0908BE2-25AB-4CDF-84B1-1B34EB12E6E6}.Release|x86.Build.0 = Release|Any CPU
	EndGlobalSection
	GlobalSection(SolutionProperties) = preSolution
		HideSolutionNode = FALSE
	EndGlobalSection
EndGlobal
